
Microsoft Visual Studio Solution File, Format Version 12.00
# Visual Studio 15
VisualStudioVersion = 15.0.28307.779
MinimumVisualStudioVersion = 10.0.40219.1
Project("{FAE04EC0-301F-11D3-BF4B-00C04F79EFBC}") = "WebApiInvocationService", "WebApiInvocationService\WebApiInvocationService.csproj", "{C0DC8AD8-32F1-4CAE-A9EB-6885FC2B71A2}"
EndProject
Global
	GlobalSection(SolutionConfigurationPlatforms) = preSolution
		Debug|Any CPU = Debug|Any CPU
		Release|Any CPU = Release|Any CPU
	EndGlobalSection
	GlobalSection(ProjectConfigurationPlatforms) = postSolution
		{C0DC8AD8-32F1-4CAE-A9EB-6885FC2B71A2}.Debug|Any CPU.ActiveCfg = Debug|Any CPU
		{C0DC8AD8-32F1-4CAE-A9EB-6885FC2B71A2}.Debug|Any CPU.Build.0 = Debug|Any CPU
		{C0DC8AD8-32F1-4CAE-A9EB-6885FC2B71A2}.Release|Any CPU.ActiveCfg = Release|Any CPU
		{C0DC8AD8-32F1-4CAE-A9EB-6885FC2B71A2}.Release|Any CPU.Build.0 = Release|Any CPU
	EndGlobalSection
	GlobalSection(SolutionProperties) = preSolution
		HideSolutionNode = FALSE
	EndGlobalSection
	GlobalSection(ExtensibilityGlobals) = postSolution
		SolutionGuid = {527FEF1E-2A5B-4077-AD76-0559D0C8455A}
	EndGlobalSection
EndGlobal
